
Microsoft Visual Studio Solution File, Format Version 12.00
# Visual Studio 15
VisualStudioVersion = 15.0.26124.0
MinimumVisualStudioVersion = 15.0.26124.0
Project("{9A19103F-16F7-4668-BE54-9A1E7A4F7556}") = "Analyzers.ClassModifiers.Tests", "Analyzers.ClassModifiers.Tests\Analyzers.ClassModifiers.Tests.csproj", "{2DC628D6-CD40-47A4-9570-CBAB0322EFDD}"
EndProject
Project("{9A19103F-16F7-4668-BE54-9A1E7A4F7556}") = "Analyzers.ClassModifiers", "Analyzers.ClassModifiers\Analyzers.ClassModifiers.csproj", "{14D403CF-8A4D-48EC-8F73-5F0024DEAA32}"
EndProject
Global
	GlobalSection(SolutionConfigurationPlatforms) = preSolution
		Debug|Any CPU = Debug|Any CPU
		Debug|x64 = Debug|x64
		Debug|x86 = Debug|x86
		Release|Any CPU = Release|Any CPU
		Release|x64 = Release|x64
		Release|x86 = Release|x86
	EndGlobalSection
	GlobalSection(ProjectConfigurationPlatforms) = postSolution
		{2DC628D6-CD40-47A4-9570-CBAB0322EFDD}.Debug|Any CPU.ActiveCfg = Debug|Any CPU
		{2DC628D6-CD40-47A4-9570-CBAB0322EFDD}.Debug|Any CPU.Build.0 = Debug|Any CPU
		{2DC628D6-CD40-47A4-9570-CBAB0322EFDD}.Debug|x64.ActiveCfg = Debug|Any CPU
		{2DC628D6-CD40-47A4-9570-CBAB0322EFDD}.Debug|x64.Build.0 = Debug|Any CPU
		{2DC628D6-CD40-47A4-9570-CBAB0322EFDD}.Debug|x86.ActiveCfg = Debug|Any CPU
		{2DC628D6-CD40-47A4-9570-CBAB0322EFDD}.Debug|x86.Build.0 = Debug|Any CPU
		{2DC628D6-CD40-47A4-9570-CBAB0322EFDD}.Release|Any CPU.ActiveCfg = Release|Any CPU
		{2DC628D6-CD40-47A4-9570-CBAB0322EFDD}.Release|Any CPU.Build.0 = Release|Any CPU
		{2DC628D6-CD40-47A4-9570-CBAB0322EFDD}.Release|x64.ActiveCfg = Release|Any CPU
		{2DC628D6-CD40-47A4-9570-CBAB0322EFDD}.Release|x64.Build.0 = Release|Any CPU
		{2DC628D6-CD40-47A4-9570-CBAB0322EFDD}.Release|x86.ActiveCfg = Release|Any CPU
		{2DC628D6-CD40-47A4-9570-CBAB0322EFDD}.Release|x86.Build.0 = Release|Any CPU
		{14D403CF-8A4D-48EC-8F73-5F0024DEAA32}.Debug|Any CPU.ActiveCfg = Debug|Any CPU
		{14D403CF-8A4D-48EC-8F73-5F0024DEAA32}.Debug|Any CPU.Build.0 = Debug|Any CPU
		{14D403CF-8A4D-48EC-8F73-5F0024DEAA32}.Debug|x64.ActiveCfg = Debug|Any CPU
		{14D403CF-8A4D-48EC-8F73-5F0024DEAA32}.Debug|x64.Build.0 = Debug|Any CPU
		{14D403CF-8A4D-48EC-8F73-5F0024DEAA32}.Debug|x86.ActiveCfg = Debug|Any CPU
		{14D403CF-8A4D-48EC-8F73-5F0024DEAA32}.Debug|x86.Build.0 = Debug|Any CPU
		{14D403CF-8A4D-48EC-8F73-5F0024DEAA32}.Release|Any CPU.ActiveCfg = Release|Any CPU
		{14D403CF-8A4D-48EC-8F73-5F0024DEAA32}.Release|Any CPU.Build.0 = Release|Any CPU
		{14D403CF-8A4D-48EC-8F73-5F0024DEAA32}.Release|x64.ActiveCfg = Release|Any CPU
		{14D403CF-8A4D-48EC-8F73-5F0024DEAA32}.Release|x64.Build.0 = Release|Any CPU
		{14D403CF-8A4D-48EC-8F73-5F0024DEAA32}.Release|x86.ActiveCfg = Release|Any CPU
		{14D403CF-8A4D-48EC-8F73-5F0024DEAA32}.Release|x86.Build.0 = Release|Any CPU
	EndGlobalSection
	GlobalSection(SolutionProperties) = preSolution
		HideSolutionNode = FALSE
	EndGlobalSection
	GlobalSection(ExtensibilityGlobals) = postSolution
		SolutionGuid = {ED432886-1AB6-48C7-90BB-8A28BEBEF876}
	EndGlobalSection
EndGlobal
